
Microsoft Visual Studio Solution File, Format Version 12.00
# Visual Studio Version 17
VisualStudioVersion = 17.3.32811.315
MinimumVisualStudioVersion = 10.0.40219.1
Project("{FAE04EC0-301F-11D3-BF4B-00C04F79EFBC}") = "DrawPolyLine", "DrawPolyLine\DrawPolyLine.csproj", "{A3868909-D451-49B4-BDCF-52792D0309FC}"
EndProject
Project("{FAE04EC0-301F-11D3-BF4B-00C04F79EFBC}") = "simpleviewer", "simpleviewer\simpleviewer.csproj", "{BC168AA8-10C4-4C60-AD69-3EDCF0F1FF04}"
EndProject
Global
	GlobalSection(SolutionConfigurationPlatforms) = preSolution
		Debug|Any CPU = Debug|Any CPU
		Release|Any CPU = Release|Any CPU
	EndGlobalSection
	GlobalSection(ProjectConfigurationPlatforms) = postSolution
		{A3868909-D451-49B4-BDCF-52792D0309FC}.Debug|Any CPU.ActiveCfg = Debug|Any CPU
		{A3868909-D451-49B4-BDCF-52792D0309FC}.Debug|Any CPU.Build.0 = Debug|Any CPU
		{A3868909-D451-49B4-BDCF-52792D0309FC}.Release|Any CPU.ActiveCfg = Release|Any CPU
		{A3868909-D451-49B4-BDCF-52792D0309FC}.Release|Any CPU.Build.0 = Release|Any CPU
		{BC168AA8-10C4-4C60-AD69-3EDCF0F1FF04}.Debug|Any CPU.ActiveCfg = Debug|Any CPU
		{BC168AA8-10C4-4C60-AD69-3EDCF0F1FF04}.Debug|Any CPU.Build.0 = Debug|Any CPU
		{BC168AA8-10C4-4C60-AD69-3EDCF0F1FF04}.Release|Any CPU.ActiveCfg = Release|Any CPU
		{BC168AA8-10C4-4C60-AD69-3EDCF0F1FF04}.Release|Any CPU.Build.0 = Release|Any CPU
	EndGlobalSection
	GlobalSection(SolutionProperties) = preSolution
		HideSolutionNode = FALSE
	EndGlobalSection
	GlobalSection(ExtensibilityGlobals) = postSolution
		SolutionGuid = {9A3F7046-5ADA-4255-9506-07C28A823E2D}
	EndGlobalSection
EndGlobal
